
Microsoft Visual Studio Solution File, Format Version 12.00
# Visual Studio Version 17
VisualStudioVersion = 17.14.36623.8 d17.14
MinimumVisualStudioVersion = 10.0.40219.1
Project("{FAE04EC0-301F-11D3-BF4B-00C04F79EFBC}") = "not defteri", "not defteri\not defteri.csproj", "{55FEA9AD-30CE-4F22-9C27-95D441F7D38C}"
EndProject
Global
	GlobalSection(SolutionConfigurationPlatforms) = preSolution
		Debug|Any CPU = Debug|Any CPU
		Release|Any CPU = Release|Any CPU
	EndGlobalSection
	GlobalSection(ProjectConfigurationPlatforms) = postSolution
		{55FEA9AD-30CE-4F22-9C27-95D441F7D38C}.Debug|Any CPU.ActiveCfg = Debug|Any CPU
		{55FEA9AD-30CE-4F22-9C27-95D441F7D38C}.Debug|Any CPU.Build.0 = Debug|Any CPU
		{55FEA9AD-30CE-4F22-9C27-95D441F7D38C}.Release|Any CPU.ActiveCfg = Release|Any CPU
		{55FEA9AD-30CE-4F22-9C27-95D441F7D38C}.Release|Any CPU.Build.0 = Release|Any CPU
	EndGlobalSection
	GlobalSection(SolutionProperties) = preSolution
		HideSolutionNode = FALSE
	EndGlobalSection
	GlobalSection(ExtensibilityGlobals) = postSolution
		SolutionGuid = {77369629-0722-4C42-97D6-2DCC846C2B58}
	EndGlobalSection
EndGlobal
